
Microsoft Visual Studio Solution File, Format Version 12.00
# Visual Studio Version 17
VisualStudioVersion = 17.7.34018.315
MinimumVisualStudioVersion = 10.0.40219.1
Project("{FAE04EC0-301F-11D3-BF4B-00C04F79EFBC}") = "WebApi", "WebApi\WebApi.csproj", "{30B06039-D0D1-4374-A82A-4D71F7D22693}"
EndProject
Project("{FAE04EC0-301F-11D3-BF4B-00C04F79EFBC}") = "Persistance", "Persistance\Persistance.csproj", "{9D615D6B-76A6-47F1-9E01-CE2BD834E1EC}"
EndProject
Project("{FAE04EC0-301F-11D3-BF4B-00C04F79EFBC}") = "Application", "Application\Application.csproj", "{AB31290A-B59A-4DED-83B6-63DD2E8E43ED}"
EndProject
Project("{FAE04EC0-301F-11D3-BF4B-00C04F79EFBC}") = "Domain", "Domain\Domain.csproj", "{AB377284-4E89-4298-8B44-E27DB6B02780}"
EndProject
Project("{FAE04EC0-301F-11D3-BF4B-00C04F79EFBC}") = "Infrastructure", "Infrastructure\Infrastructure.csproj", "{C48DD318-4059-4DDF-B485-DA0F67FB4EB1}"
EndProject
Global
	GlobalSection(SolutionConfigurationPlatforms) = preSolution
		Debug|Any CPU = Debug|Any CPU
		Release|Any CPU = Release|Any CPU
	EndGlobalSection
	GlobalSection(ProjectConfigurationPlatforms) = postSolution
		{30B06039-D0D1-4374-A82A-4D71F7D22693}.Debug|Any CPU.ActiveCfg = Debug|Any CPU
		{30B06039-D0D1-4374-A82A-4D71F7D22693}.Debug|Any CPU.Build.0 = Debug|Any CPU
		{30B06039-D0D1-4374-A82A-4D71F7D22693}.Release|Any CPU.ActiveCfg = Release|Any CPU
		{30B06039-D0D1-4374-A82A-4D71F7D22693}.Release|Any CPU.Build.0 = Release|Any CPU
		{9D615D6B-76A6-47F1-9E01-CE2BD834E1EC}.Debug|Any CPU.ActiveCfg = Debug|Any CPU
		{9D615D6B-76A6-47F1-9E01-CE2BD834E1EC}.Debug|Any CPU.Build.0 = Debug|Any CPU
		{9D615D6B-76A6-47F1-9E01-CE2BD834E1EC}.Release|Any CPU.ActiveCfg = Release|Any CPU
		{9D615D6B-76A6-47F1-9E01-CE2BD834E1EC}.Release|Any CPU.Build.0 = Release|Any CPU
		{AB31290A-B59A-4DED-83B6-63DD2E8E43ED}.Debug|Any CPU.ActiveCfg = Debug|Any CPU
		{AB31290A-B59A-4DED-83B6-63DD2E8E43ED}.Debug|Any CPU.Build.0 = Debug|Any CPU
		{AB31290A-B59A-4DED-83B6-63DD2E8E43ED}.Release|Any CPU.ActiveCfg = Release|Any CPU
		{AB31290A-B59A-4DED-83B6-63DD2E8E43ED}.Release|Any CPU.Build.0 = Release|Any CPU
		{AB377284-4E89-4298-8B44-E27DB6B02780}.Debug|Any CPU.ActiveCfg = Debug|Any CPU
		{AB377284-4E89-4298-8B44-E27DB6B02780}.Debug|Any CPU.Build.0 = Debug|Any CPU
		{AB377284-4E89-4298-8B44-E27DB6B02780}.Release|Any CPU.ActiveCfg = Release|Any CPU
		{AB377284-4E89-4298-8B44-E27DB6B02780}.Release|Any CPU.Build.0 = Release|Any CPU
		{C48DD318-4059-4DDF-B485-DA0F67FB4EB1}.Debug|Any CPU.ActiveCfg = Debug|Any CPU
		{C48DD318-4059-4DDF-B485-DA0F67FB4EB1}.Debug|Any CPU.Build.0 = Debug|Any CPU
		{C48DD318-4059-4DDF-B485-DA0F67FB4EB1}.Release|Any CPU.ActiveCfg = Release|Any CPU
		{C48DD318-4059-4DDF-B485-DA0F67FB4EB1}.Release|Any CPU.Build.0 = Release|Any CPU
	EndGlobalSection
	GlobalSection(SolutionProperties) = preSolution
		HideSolutionNode = FALSE
	EndGlobalSection
	GlobalSection(ExtensibilityGlobals) = postSolution
		SolutionGuid = {C7EC589E-7A6D-4A20-AEF0-F389BD82E895}
	EndGlobalSection
EndGlobal
